{
  "nodes": {
    "cargo-leptos-src": {
      "flake": false,
      "locked": {
        "lastModified": 1712066046,
        "narHash": "sha256-W08R1ny4LyzWehnsWSMCRjCxmvV0k7ARVbmZ740hg8w=",
        "owner": "leptos-rs",
        "repo": "cargo-leptos",
        "rev": "148c13affd7bc47238288ab42d7805d2c6ea219a",
        "type": "github"
      },
      "original": {
        "owner": "leptos-rs",
        "repo": "cargo-leptos",
        "type": "github"
      }
    },
    "crane": {
      "inputs": {
        "nixpkgs": [
          "nixpkgs"
        ]
      },
      "locked": {
        "lastModified": 1710886643,
        "narHash": "sha256-saTZuv9YeZ9COHPuj8oedGdUwJZcbQ3vyRqe7NVJMsQ=",
        "rev": "5bace74e9a65165c918205cf67ad3977fe79c584",
        "revCount": 525,
        "type": "tarball",
        "url": "https://api.flakehub.com/f/pinned/ipetkov/crane/0.16.3/018e58cb-e73a-767a-a419-c5d172da29bb/source.tar.gz"
      },
      "original": {
        "type": "tarball",
        "url": "https://flakehub.com/f/ipetkov/crane/0.16.3.tar.gz"
      }
    },
    "flake-utils": {
      "inputs": {
        "systems": "systems"
      },
      "locked": {
        "lastModified": 1710146030,
        "narHash": "sha256-SZ5L6eA7HJ/nmkzGG7/ISclqe6oZdOZTNoesiInkXPQ=",
        "owner": "numtide",
        "repo": "flake-utils",
        "rev": "b1d9ab70662946ef0850d488da1c9019f3a9752a",
        "type": "github"
      },
      "original": {
        "id": "flake-utils",
        "type": "indirect"
      }
    },
    "flake-utils_2": {
      "inputs": {
        "systems": "systems_2"
      },
      "locked": {
        "lastModified": 1705309234,
        "narHash": "sha256-uNRRNRKmJyCRC/8y1RqBkqWBLM034y4qN7EprSdmgyA=",
        "owner": "numtide",
        "repo": "flake-utils",
        "rev": "1ef2e671c3b0c19053962c07dbda38332dcebf26",
        "type": "github"
      },
      "original": {
        "owner": "numtide",
        "repo": "flake-utils",
        "type": "github"
      }
    },
    "nix-filter": {
      "locked": {
        "lastModified": 1710156097,
        "narHash": "sha256-1Wvk8UP7PXdf8bCCaEoMnOT1qe5/Duqgj+rL8sRQsSM=",
        "owner": "numtide",
        "repo": "nix-filter",
        "rev": "3342559a24e85fc164b295c3444e8a139924675b",
        "type": "github"
      },
      "original": {
        "owner": "numtide",
        "repo": "nix-filter",
        "type": "github"
      }
    },
    "nixpkgs": {
      "locked": {
        "lastModified": 1712163089,
        "narHash": "sha256-Um+8kTIrC19vD4/lUCN9/cU9kcOsD1O1m+axJqQPyMM=",
        "owner": "NixOS",
        "repo": "nixpkgs",
        "rev": "fd281bd6b7d3e32ddfa399853946f782553163b5",
        "type": "github"
      },
      "original": {
        "owner": "NixOS",
        "ref": "nixos-unstable",
        "repo": "nixpkgs",
        "type": "github"
      }
    },
    "root": {
      "inputs": {
        "cargo-leptos-src": "cargo-leptos-src",
        "crane": "crane",
        "flake-utils": "flake-utils",
        "nix-filter": "nix-filter",
        "nixpkgs": "nixpkgs",
        "rust-overlay": "rust-overlay"
      }
    },
    "rust-overlay": {
      "inputs": {
        "flake-utils": "flake-utils_2",
        "nixpkgs": [
          "nixpkgs"
        ]
      },
      "locked": {
        "lastModified": 1712369449,
        "narHash": "sha256-tbWug3uXPlSm1j0xD80Y3xbP+otT6gLnQo1e/vQat48=",
        "rev": "41b3b080cc3e4b3a48e933b87fc15a05f1870779",
        "revCount": 1342,
        "type": "tarball",
        "url": "https://api.flakehub.com/f/pinned/oxalica/rust-overlay/0.1.1342%2Brev-41b3b080cc3e4b3a48e933b87fc15a05f1870779/018eb12e-d345-7c3e-9041-f89010f44662/source.tar.gz"
      },
      "original": {
        "type": "tarball",
        "url": "https://flakehub.com/f/oxalica/rust-overlay/0.1.1342.tar.gz"
      }
    },
    "systems": {
      "locked": {
        "lastModified": 1681028828,
        "narHash": "sha256-Vy1rq5AaRuLzOxct8nz4T6wlgyUR7zLU309k9mBC768=",
        "owner": "nix-systems",
        "repo": "default",
        "rev": "da67096a3b9bf56a91d16901293e51ba5b49a27e",
        "type": "github"
      },
      "original": {
        "owner": "nix-systems",
        "repo": "default",
        "type": "github"
      }
    },
    "systems_2": {
      "locked": {
        "lastModified": 1681028828,
        "narHash": "sha256-Vy1rq5AaRuLzOxct8nz4T6wlgyUR7zLU309k9mBC768=",
        "owner": "nix-systems",
        "repo": "default",
        "rev": "da67096a3b9bf56a91d16901293e51ba5b49a27e",
        "type": "github"
      },
      "original": {
        "owner": "nix-systems",
        "repo": "default",
        "type": "github"
      }
    }
  },
  "root": "root",
  "version": 7
}
